
Microsoft Visual Studio Solution File, Format Version 12.00
# Visual Studio Version 17
VisualStudioVersion = 17.0.31903.59
MinimumVisualStudioVersion = 10.0.40219.1
Project("{2150E333-8FDC-42A3-9474-1A3956D46DE8}") = "src", "src", "{35098804-1BE4-4ADA-99F9-CA278DDDB20F}"
EndProject
Project("{FAE04EC0-301F-11D3-BF4B-00C04F79EFBC}") = "ProgramsProvider", "src\code\ProgramsProvider.csproj", "{EF797A57-CA13-4788-A51A-EA54C23C45AC}"
EndProject
Global
	GlobalSection(SolutionConfigurationPlatforms) = preSolution
		Debug|Any CPU = Debug|Any CPU
		Release|Any CPU = Release|Any CPU
	EndGlobalSection
	GlobalSection(SolutionProperties) = preSolution
		HideSolutionNode = FALSE
	EndGlobalSection
	GlobalSection(ProjectConfigurationPlatforms) = postSolution
		{EF797A57-CA13-4788-A51A-EA54C23C45AC}.Debug|Any CPU.ActiveCfg = Debug|Any CPU
		{EF797A57-CA13-4788-A51A-EA54C23C45AC}.Debug|Any CPU.Build.0 = Debug|Any CPU
		{EF797A57-CA13-4788-A51A-EA54C23C45AC}.Release|Any CPU.ActiveCfg = Release|Any CPU
		{EF797A57-CA13-4788-A51A-EA54C23C45AC}.Release|Any CPU.Build.0 = Release|Any CPU
	EndGlobalSection
	GlobalSection(NestedProjects) = preSolution
		{EF797A57-CA13-4788-A51A-EA54C23C45AC} = {35098804-1BE4-4ADA-99F9-CA278DDDB20F}
	EndGlobalSection
EndGlobal
